
Microsoft Visual Studio Solution File, Format Version 12.00
# Visual Studio Version 16
VisualStudioVersion = 16.0.31229.75
MinimumVisualStudioVersion = 10.0.40219.1
Project("{9A19103F-16F7-4668-BE54-9A1E7A4F7556}") = "ConsoleAppTelevision", "ConsoleAppMonTest\ConsoleAppTelevision.csproj", "{11F6AFFA-A0C7-4988-AAC1-807F08C0DAAE}"
EndProject
Project("{9A19103F-16F7-4668-BE54-9A1E7A4F7556}") = "ClassLibraryTelevision", "ClassLibraryTelevision\ClassLibraryTelevision.csproj", "{CEA0A851-2469-46D4-917B-EF2B20F3F3DF}"
EndProject
Project("{2150E333-8FDC-42A3-9474-1A3956D46DE8}") = "Television", "Television", "{0D10EEE3-A8AF-487B-B906-245B8770693E}"
EndProject
Project("{2150E333-8FDC-42A3-9474-1A3956D46DE8}") = "Bouteille", "Bouteille", "{ECB179F8-8147-494C-8374-7B59A3BD18CA}"
EndProject
Project("{FAE04EC0-301F-11D3-BF4B-00C04F79EFBC}") = "ClassLibraryBouteille", "ClassLibraryBouteille2\ClassLibraryBouteille.csproj", "{D3A006A9-75F9-4AE7-B8DF-815A01B60A8F}"
EndProject
Project("{FAE04EC0-301F-11D3-BF4B-00C04F79EFBC}") = "UnitTestProjectBouteille", "UnitTestProjectBouteille\UnitTestProjectBouteille.csproj", "{0F409BF5-2257-4A28-87F9-2BE4646EB812}"
EndProject
Project("{FAE04EC0-301F-11D3-BF4B-00C04F79EFBC}") = "ConsoleAppBouteille", "ConsoleAppBouteille\ConsoleAppBouteille.csproj", "{59DED479-4C42-41F7-9238-F7869C41AE27}"
EndProject
Project("{2150E333-8FDC-42A3-9474-1A3956D46DE8}") = "lepidoptere", "lepidoptere", "{4E1A79BA-6799-40BE-A439-C77ACEB5C7F7}"
EndProject
Project("{FAE04EC0-301F-11D3-BF4B-00C04F79EFBC}") = "ConsoleAppLepidoptere", "ConsoleAppLepidoptere\ConsoleAppLepidoptere.csproj", "{E4B849F4-45E9-4A16-A2A0-E143FF3504C0}"
EndProject
Project("{FAE04EC0-301F-11D3-BF4B-00C04F79EFBC}") = "ClassLibraryLepidoptere", "ClassLibraryLepidoptere\ClassLibraryLepidoptere.csproj", "{5B5845C8-4162-402B-B159-A80386B44617}"
EndProject
Project("{FAE04EC0-301F-11D3-BF4B-00C04F79EFBC}") = "UnitTestProjectLepidoptere", "UnitTestProjectLepidoptere\UnitTestProjectLepidoptere.csproj", "{2CEC37A4-0A0E-42F8-9AF7-8FF4F549C84A}"
EndProject
Project("{FAE04EC0-301F-11D3-BF4B-00C04F79EFBC}") = "ClassLibraryVoiture", "ClassLibraryVoiture\ClassLibraryVoiture.csproj", "{07622E93-0270-42B0-893F-371711406CEC}"
EndProject
Project("{FAE04EC0-301F-11D3-BF4B-00C04F79EFBC}") = "ConsoleAppVoiture", "ConsoleAppVoiture\ConsoleAppVoiture.csproj", "{D1BA0CC2-886C-46B4-A675-248CF1DBCEA5}"
EndProject
Project("{2150E333-8FDC-42A3-9474-1A3956D46DE8}") = "Voiture", "Voiture", "{F2670395-195F-49FF-8589-5F546A691E8B}"
	ProjectSection(SolutionItems) = preProject
		ConsoleAppVoiture\DiagrmSequenceVoitureArreter.PNG = ConsoleAppVoiture\DiagrmSequenceVoitureArreter.PNG
	EndProjectSection
EndProject
Project("{FAE04EC0-301F-11D3-BF4B-00C04F79EFBC}") = "ConsoleAppExercicesDeTest", "ConsoleAppExercicesDeTest\ConsoleAppExercicesDeTest.csproj", "{EE223BB2-A697-489E-9DF9-E8ADBB7EE391}"
EndProject
Project("{FAE04EC0-301F-11D3-BF4B-00C04F79EFBC}") = "ClassLibraryExercicesDeTest", "ClassLibraryExercicesDeTest\ClassLibraryExercicesDeTest.csproj", "{8A2363A9-CF8A-4365-897F-F75F3A19F46D}"
EndProject
Project("{2150E333-8FDC-42A3-9474-1A3956D46DE8}") = "ExercicesDeTest", "ExercicesDeTest", "{8B6F9AD1-15AF-4657-8646-2DBD96C0903F}"
EndProject
Project("{FAE04EC0-301F-11D3-BF4B-00C04F79EFBC}") = "ClassLibraryCompteBancaire", "ClassLibraryCompteBancaire\ClassLibraryCompteBancaire.csproj", "{652B5CBD-6994-4F2E-AAE0-F385E4087710}"
EndProject
Project("{FAE04EC0-301F-11D3-BF4B-00C04F79EFBC}") = "ConsoleAppCompteBancaire", "ConsoleAppCompteBancaire\ConsoleAppCompteBancaire.csproj", "{85857EDF-C928-4721-9375-57B22AD4A521}"
EndProject
Project("{2150E333-8FDC-42A3-9474-1A3956D46DE8}") = "CompteBancaire", "CompteBancaire", "{614E9A22-A96C-4DB5-927C-2D79F571DDCE}"
EndProject
Project("{FAE04EC0-301F-11D3-BF4B-00C04F79EFBC}") = "ConsoleAppPointGeo", "ConsoleAppPointGeo\ConsoleAppPointGeo.csproj", "{87C4A13C-30A2-4688-826E-581A0790A0F8}"
EndProject
Project("{FAE04EC0-301F-11D3-BF4B-00C04F79EFBC}") = "ClassLibraryPointGeo", "ClassLibraryPointGeo\ClassLibraryPointGeo.csproj", "{371C34EF-9220-4804-B610-5E3A2B4522D0}"
EndProject
Project("{2150E333-8FDC-42A3-9474-1A3956D46DE8}") = "PointGeo", "PointGeo", "{C2E8C975-FCE9-4A63-9A46-BC93B3E20BC3}"
EndProject
Project("{2150E333-8FDC-42A3-9474-1A3956D46DE8}") = "Fraction", "Fraction", "{9016453A-C2F8-421E-8E3A-83C1FDD65133}"
EndProject
Project("{FAE04EC0-301F-11D3-BF4B-00C04F79EFBC}") = "ClassLibraryFraction", "ClassLibraryFraction\ClassLibraryFraction.csproj", "{1DA092EB-760C-46F3-A75C-C2B10867D28D}"
EndProject
Project("{FAE04EC0-301F-11D3-BF4B-00C04F79EFBC}") = "ConsoleAppFraction", "ConsoleAppFraction\ConsoleAppFraction.csproj", "{C8E2BBBA-381D-4CAA-B7C8-F7FD62C365B1}"
EndProject
Project("{FAE04EC0-301F-11D3-BF4B-00C04F79EFBC}") = "ConsoleAppBanque", "ConsoleAppBanque\ConsoleAppBanque.csproj", "{B5841AFE-BCF9-4E53-8F30-9FFF9423C6EF}"
EndProject
Project("{2150E333-8FDC-42A3-9474-1A3956D46DE8}") = "Jeu421", "Jeu421", "{4364C8C9-007A-4686-886E-8B133E5D278A}"
EndProject
Project("{FAE04EC0-301F-11D3-BF4B-00C04F79EFBC}") = "ClassLibrary421", "ClassLibrary421\ClassLibrary421.csproj", "{1E009BA3-310E-4F3C-8D58-AEC748666B78}"
EndProject
Project("{FAE04EC0-301F-11D3-BF4B-00C04F79EFBC}") = "ConsoleApp421", "ConsoleApp421\ConsoleApp421.csproj", "{4DFDD22E-6529-447F-ABDF-7E85BFE25F10}"
EndProject
Global
	GlobalSection(SolutionConfigurationPlatforms) = preSolution
		Debug|Any CPU = Debug|Any CPU
		Release|Any CPU = Release|Any CPU
	EndGlobalSection
	GlobalSection(ProjectConfigurationPlatforms) = postSolution
		{11F6AFFA-A0C7-4988-AAC1-807F08C0DAAE}.Debug|Any CPU.ActiveCfg = Debug|Any CPU
		{11F6AFFA-A0C7-4988-AAC1-807F08C0DAAE}.Debug|Any CPU.Build.0 = Debug|Any CPU
		{11F6AFFA-A0C7-4988-AAC1-807F08C0DAAE}.Release|Any CPU.ActiveCfg = Release|Any CPU
		{11F6AFFA-A0C7-4988-AAC1-807F08C0DAAE}.Release|Any CPU.Build.0 = Release|Any CPU
		{CEA0A851-2469-46D4-917B-EF2B20F3F3DF}.Debug|Any CPU.ActiveCfg = Debug|Any CPU
		{CEA0A851-2469-46D4-917B-EF2B20F3F3DF}.Debug|Any CPU.Build.0 = Debug|Any CPU
		{CEA0A851-2469-46D4-917B-EF2B20F3F3DF}.Release|Any CPU.ActiveCfg = Release|Any CPU
		{CEA0A851-2469-46D4-917B-EF2B20F3F3DF}.Release|Any CPU.Build.0 = Release|Any CPU
		{D3A006A9-75F9-4AE7-B8DF-815A01B60A8F}.Debug|Any CPU.ActiveCfg = Debug|Any CPU
		{D3A006A9-75F9-4AE7-B8DF-815A01B60A8F}.Debug|Any CPU.Build.0 = Debug|Any CPU
		{D3A006A9-75F9-4AE7-B8DF-815A01B60A8F}.Release|Any CPU.ActiveCfg = Release|Any CPU
		{D3A006A9-75F9-4AE7-B8DF-815A01B60A8F}.Release|Any CPU.Build.0 = Release|Any CPU
		{0F409BF5-2257-4A28-87F9-2BE4646EB812}.Debug|Any CPU.ActiveCfg = Debug|Any CPU
		{0F409BF5-2257-4A28-87F9-2BE4646EB812}.Debug|Any CPU.Build.0 = Debug|Any CPU
		{0F409BF5-2257-4A28-87F9-2BE4646EB812}.Release|Any CPU.ActiveCfg = Release|Any CPU
		{0F409BF5-2257-4A28-87F9-2BE4646EB812}.Release|Any CPU.Build.0 = Release|Any CPU
		{59DED479-4C42-41F7-9238-F7869C41AE27}.Debug|Any CPU.ActiveCfg = Debug|Any CPU
		{59DED479-4C42-41F7-9238-F7869C41AE27}.Debug|Any CPU.Build.0 = Debug|Any CPU
		{59DED479-4C42-41F7-9238-F7869C41AE27}.Release|Any CPU.ActiveCfg = Release|Any CPU
		{59DED479-4C42-41F7-9238-F7869C41AE27}.Release|Any CPU.Build.0 = Release|Any CPU
		{E4B849F4-45E9-4A16-A2A0-E143FF3504C0}.Debug|Any CPU.ActiveCfg = Debug|Any CPU
		{E4B849F4-45E9-4A16-A2A0-E143FF3504C0}.Debug|Any CPU.Build.0 = Debug|Any CPU
		{E4B849F4-45E9-4A16-A2A0-E143FF3504C0}.Release|Any CPU.ActiveCfg = Release|Any CPU
		{E4B849F4-45E9-4A16-A2A0-E143FF3504C0}.Release|Any CPU.Build.0 = Release|Any CPU
		{5B5845C8-4162-402B-B159-A80386B44617}.Debug|Any CPU.ActiveCfg = Debug|Any CPU
		{5B5845C8-4162-402B-B159-A80386B44617}.Debug|Any CPU.Build.0 = Debug|Any CPU
		{5B5845C8-4162-402B-B159-A80386B44617}.Release|Any CPU.ActiveCfg = Release|Any CPU
		{5B5845C8-4162-402B-B159-A80386B44617}.Release|Any CPU.Build.0 = Release|Any CPU
		{2CEC37A4-0A0E-42F8-9AF7-8FF4F549C84A}.Debug|Any CPU.ActiveCfg = Debug|Any CPU
		{2CEC37A4-0A0E-42F8-9AF7-8FF4F549C84A}.Debug|Any CPU.Build.0 = Debug|Any CPU
		{2CEC37A4-0A0E-42F8-9AF7-8FF4F549C84A}.Release|Any CPU.ActiveCfg = Release|Any CPU
		{2CEC37A4-0A0E-42F8-9AF7-8FF4F549C84A}.Release|Any CPU.Build.0 = Release|Any CPU
		{07622E93-0270-42B0-893F-371711406CEC}.Debug|Any CPU.ActiveCfg = Debug|Any CPU
		{07622E93-0270-42B0-893F-371711406CEC}.Debug|Any CPU.Build.0 = Debug|Any CPU
		{07622E93-0270-42B0-893F-371711406CEC}.Release|Any CPU.ActiveCfg = Release|Any CPU
		{07622E93-0270-42B0-893F-371711406CEC}.Release|Any CPU.Build.0 = Release|Any CPU
		{D1BA0CC2-886C-46B4-A675-248CF1DBCEA5}.Debug|Any CPU.ActiveCfg = Debug|Any CPU
		{D1BA0CC2-886C-46B4-A675-248CF1DBCEA5}.Debug|Any CPU.Build.0 = Debug|Any CPU
		{D1BA0CC2-886C-46B4-A675-248CF1DBCEA5}.Release|Any CPU.ActiveCfg = Release|Any CPU
		{D1BA0CC2-886C-46B4-A675-248CF1DBCEA5}.Release|Any CPU.Build.0 = Release|Any CPU
		{EE223BB2-A697-489E-9DF9-E8ADBB7EE391}.Debug|Any CPU.ActiveCfg = Debug|Any CPU
		{EE223BB2-A697-489E-9DF9-E8ADBB7EE391}.Debug|Any CPU.Build.0 = Debug|Any CPU
		{EE223BB2-A697-489E-9DF9-E8ADBB7EE391}.Release|Any CPU.ActiveCfg = Release|Any CPU
		{EE223BB2-A697-489E-9DF9-E8ADBB7EE391}.Release|Any CPU.Build.0 = Release|Any CPU
		{8A2363A9-CF8A-4365-897F-F75F3A19F46D}.Debug|Any CPU.ActiveCfg = Debug|Any CPU
		{8A2363A9-CF8A-4365-897F-F75F3A19F46D}.Debug|Any CPU.Build.0 = Debug|Any CPU
		{8A2363A9-CF8A-4365-897F-F75F3A19F46D}.Release|Any CPU.ActiveCfg = Release|Any CPU
		{8A2363A9-CF8A-4365-897F-F75F3A19F46D}.Release|Any CPU.Build.0 = Release|Any CPU
		{652B5CBD-6994-4F2E-AAE0-F385E4087710}.Debug|Any CPU.ActiveCfg = Debug|Any CPU
		{652B5CBD-6994-4F2E-AAE0-F385E4087710}.Debug|Any CPU.Build.0 = Debug|Any CPU
		{652B5CBD-6994-4F2E-AAE0-F385E4087710}.Release|Any CPU.ActiveCfg = Release|Any CPU
		{652B5CBD-6994-4F2E-AAE0-F385E4087710}.Release|Any CPU.Build.0 = Release|Any CPU
		{85857EDF-C928-4721-9375-57B22AD4A521}.Debug|Any CPU.ActiveCfg = Debug|Any CPU
		{85857EDF-C928-4721-9375-57B22AD4A521}.Debug|Any CPU.Build.0 = Debug|Any CPU
		{85857EDF-C928-4721-9375-57B22AD4A521}.Release|Any CPU.ActiveCfg = Release|Any CPU
		{85857EDF-C928-4721-9375-57B22AD4A521}.Release|Any CPU.Build.0 = Release|Any CPU
		{87C4A13C-30A2-4688-826E-581A0790A0F8}.Debug|Any CPU.ActiveCfg = Debug|Any CPU
		{87C4A13C-30A2-4688-826E-581A0790A0F8}.Debug|Any CPU.Build.0 = Debug|Any CPU
		{87C4A13C-30A2-4688-826E-581A0790A0F8}.Release|Any CPU.ActiveCfg = Release|Any CPU
		{87C4A13C-30A2-4688-826E-581A0790A0F8}.Release|Any CPU.Build.0 = Release|Any CPU
		{371C34EF-9220-4804-B610-5E3A2B4522D0}.Debug|Any CPU.ActiveCfg = Debug|Any CPU
		{371C34EF-9220-4804-B610-5E3A2B4522D0}.Debug|Any CPU.Build.0 = Debug|Any CPU
		{371C34EF-9220-4804-B610-5E3A2B4522D0}.Release|Any CPU.ActiveCfg = Release|Any CPU
		{371C34EF-9220-4804-B610-5E3A2B4522D0}.Release|Any CPU.Build.0 = Release|Any CPU
		{1DA092EB-760C-46F3-A75C-C2B10867D28D}.Debug|Any CPU.ActiveCfg = Debug|Any CPU
		{1DA092EB-760C-46F3-A75C-C2B10867D28D}.Debug|Any CPU.Build.0 = Debug|Any CPU
		{1DA092EB-760C-46F3-A75C-C2B10867D28D}.Release|Any CPU.ActiveCfg = Release|Any CPU
		{1DA092EB-760C-46F3-A75C-C2B10867D28D}.Release|Any CPU.Build.0 = Release|Any CPU
		{C8E2BBBA-381D-4CAA-B7C8-F7FD62C365B1}.Debug|Any CPU.ActiveCfg = Debug|Any CPU
		{C8E2BBBA-381D-4CAA-B7C8-F7FD62C365B1}.Debug|Any CPU.Build.0 = Debug|Any CPU
		{C8E2BBBA-381D-4CAA-B7C8-F7FD62C365B1}.Release|Any CPU.ActiveCfg = Release|Any CPU
		{C8E2BBBA-381D-4CAA-B7C8-F7FD62C365B1}.Release|Any CPU.Build.0 = Release|Any CPU
		{B5841AFE-BCF9-4E53-8F30-9FFF9423C6EF}.Debug|Any CPU.ActiveCfg = Debug|Any CPU
		{B5841AFE-BCF9-4E53-8F30-9FFF9423C6EF}.Debug|Any CPU.Build.0 = Debug|Any CPU
		{B5841AFE-BCF9-4E53-8F30-9FFF9423C6EF}.Release|Any CPU.ActiveCfg = Release|Any CPU
		{B5841AFE-BCF9-4E53-8F30-9FFF9423C6EF}.Release|Any CPU.Build.0 = Release|Any CPU
		{1E009BA3-310E-4F3C-8D58-AEC748666B78}.Debug|Any CPU.ActiveCfg = Debug|Any CPU
		{1E009BA3-310E-4F3C-8D58-AEC748666B78}.Debug|Any CPU.Build.0 = Debug|Any CPU
		{1E009BA3-310E-4F3C-8D58-AEC748666B78}.Release|Any CPU.ActiveCfg = Release|Any CPU
		{1E009BA3-310E-4F3C-8D58-AEC748666B78}.Release|Any CPU.Build.0 = Release|Any CPU
		{4DFDD22E-6529-447F-ABDF-7E85BFE25F10}.Debug|Any CPU.ActiveCfg = Debug|Any CPU
		{4DFDD22E-6529-447F-ABDF-7E85BFE25F10}.Debug|Any CPU.Build.0 = Debug|Any CPU
		{4DFDD22E-6529-447F-ABDF-7E85BFE25F10}.Release|Any CPU.ActiveCfg = Release|Any CPU
		{4DFDD22E-6529-447F-ABDF-7E85BFE25F10}.Release|Any CPU.Build.0 = Release|Any CPU
	EndGlobalSection
	GlobalSection(SolutionProperties) = preSolution
		HideSolutionNode = FALSE
	EndGlobalSection
	GlobalSection(NestedProjects) = preSolution
		{11F6AFFA-A0C7-4988-AAC1-807F08C0DAAE} = {0D10EEE3-A8AF-487B-B906-245B8770693E}
		{CEA0A851-2469-46D4-917B-EF2B20F3F3DF} = {0D10EEE3-A8AF-487B-B906-245B8770693E}
		{D3A006A9-75F9-4AE7-B8DF-815A01B60A8F} = {ECB179F8-8147-494C-8374-7B59A3BD18CA}
		{0F409BF5-2257-4A28-87F9-2BE4646EB812} = {ECB179F8-8147-494C-8374-7B59A3BD18CA}
		{59DED479-4C42-41F7-9238-F7869C41AE27} = {ECB179F8-8147-494C-8374-7B59A3BD18CA}
		{E4B849F4-45E9-4A16-A2A0-E143FF3504C0} = {4E1A79BA-6799-40BE-A439-C77ACEB5C7F7}
		{5B5845C8-4162-402B-B159-A80386B44617} = {4E1A79BA-6799-40BE-A439-C77ACEB5C7F7}
		{2CEC37A4-0A0E-42F8-9AF7-8FF4F549C84A} = {4E1A79BA-6799-40BE-A439-C77ACEB5C7F7}
		{07622E93-0270-42B0-893F-371711406CEC} = {F2670395-195F-49FF-8589-5F546A691E8B}
		{D1BA0CC2-886C-46B4-A675-248CF1DBCEA5} = {F2670395-195F-49FF-8589-5F546A691E8B}
		{EE223BB2-A697-489E-9DF9-E8ADBB7EE391} = {8B6F9AD1-15AF-4657-8646-2DBD96C0903F}
		{8A2363A9-CF8A-4365-897F-F75F3A19F46D} = {8B6F9AD1-15AF-4657-8646-2DBD96C0903F}
		{652B5CBD-6994-4F2E-AAE0-F385E4087710} = {614E9A22-A96C-4DB5-927C-2D79F571DDCE}
		{85857EDF-C928-4721-9375-57B22AD4A521} = {614E9A22-A96C-4DB5-927C-2D79F571DDCE}
		{87C4A13C-30A2-4688-826E-581A0790A0F8} = {C2E8C975-FCE9-4A63-9A46-BC93B3E20BC3}
		{371C34EF-9220-4804-B610-5E3A2B4522D0} = {C2E8C975-FCE9-4A63-9A46-BC93B3E20BC3}
		{1DA092EB-760C-46F3-A75C-C2B10867D28D} = {9016453A-C2F8-421E-8E3A-83C1FDD65133}
		{C8E2BBBA-381D-4CAA-B7C8-F7FD62C365B1} = {9016453A-C2F8-421E-8E3A-83C1FDD65133}
		{B5841AFE-BCF9-4E53-8F30-9FFF9423C6EF} = {614E9A22-A96C-4DB5-927C-2D79F571DDCE}
		{1E009BA3-310E-4F3C-8D58-AEC748666B78} = {4364C8C9-007A-4686-886E-8B133E5D278A}
		{4DFDD22E-6529-447F-ABDF-7E85BFE25F10} = {4364C8C9-007A-4686-886E-8B133E5D278A}
	EndGlobalSection
	GlobalSection(ExtensibilityGlobals) = postSolution
		SolutionGuid = {D6E3655F-94EF-4098-9BAC-45920F52A55D}
	EndGlobalSection
EndGlobal
